
Microsoft Visual Studio Solution File, Format Version 12.00
# Visual Studio Version 17
VisualStudioVersion = 17.10.35122.118
MinimumVisualStudioVersion = 10.0.40219.1
Project("{FAE04EC0-301F-11D3-BF4B-00C04F79EFBC}") = "TaskManagementAPI", "TaskManagementAPI.csproj", "{72486546-E947-452F-9C00-880BF5B30B72}"
EndProject
Global
	GlobalSection(SolutionConfigurationPlatforms) = preSolution
		Debug|Any CPU = Debug|Any CPU
		Release|Any CPU = Release|Any CPU
	EndGlobalSection
	GlobalSection(ProjectConfigurationPlatforms) = postSolution
		{72486546-E947-452F-9C00-880BF5B30B72}.Debug|Any CPU.ActiveCfg = Debug|Any CPU
		{72486546-E947-452F-9C00-880BF5B30B72}.Debug|Any CPU.Build.0 = Debug|Any CPU
		{72486546-E947-452F-9C00-880BF5B30B72}.Release|Any CPU.ActiveCfg = Release|Any CPU
		{72486546-E947-452F-9C00-880BF5B30B72}.Release|Any CPU.Build.0 = Release|Any CPU
	EndGlobalSection
	GlobalSection(SolutionProperties) = preSolution
		HideSolutionNode = FALSE
	EndGlobalSection
	GlobalSection(ExtensibilityGlobals) = postSolution
		SolutionGuid = {D3581773-93C4-4849-9E59-B556C47CF4BA}
	EndGlobalSection
EndGlobal
